// !$*UTF8*$!
{
	archiveVersion = 1;
	classes = {
	};
	objectVersion = 48;
	objects = {

/* Begin PBXBuildFile section */
		9849EFBD648DDAAFC8535406 /* Pods_LunchTime_iOSTests.framework in Frameworks */ = {isa = PBXBuildFile; fileRef = 26FC5D1606165C5F50455F91 /* Pods_LunchTime_iOSTests.framework */; };
		A608558B1FC26CEE009E4BDD /* LocationSelectorViewController.swift in Sources */ = {isa = PBXBuildFile; fileRef = A608558A1FC26CEE009E4BDD /* LocationSelectorViewController.swift */; };
		A608558E1FC395AD009E4BDD /* YelpLocationTableViewCell.swift in Sources */ = {isa = PBXBuildFile; fileRef = A608558C1FC395AD009E4BDD /* YelpLocationTableViewCell.swift */; };
		A608558F1FC395AD009E4BDD /* YelpLocationTableViewCell.xib in Resources */ = {isa = PBXBuildFile; fileRef = A608558D1FC395AD009E4BDD /* YelpLocationTableViewCell.xib */; };
		A60EF8431FE5A1B400EF2D91 /* FriendSelectorViewController.swift in Sources */ = {isa = PBXBuildFile; fileRef = A60EF8421FE5A1B400EF2D91 /* FriendSelectorViewController.swift */; };
		A61BB76D1FCC72A60009823F /* DateSelectorViewController.swift in Sources */ = {isa = PBXBuildFile; fileRef = A61BB76C1FCC72A60009823F /* DateSelectorViewController.swift */; };
		A623216D1FB78F6E00A54814 /* GoogleService-Info.plist in Resources */ = {isa = PBXBuildFile; fileRef = A623216C1FB78C7000A54814 /* GoogleService-Info.plist */; };
		A623217F1FB8FA9400A54814 /* UserViewModel.swift in Sources */ = {isa = PBXBuildFile; fileRef = A623217E1FB8FA9400A54814 /* UserViewModel.swift */; };
		A62321811FB8FAD900A54814 /* CurrentUser.swift in Sources */ = {isa = PBXBuildFile; fileRef = A62321801FB8FAD900A54814 /* CurrentUser.swift */; };
		A644D5631FC2533100E851A8 /* YelpSearchViewModel.swift in Sources */ = {isa = PBXBuildFile; fileRef = A644D5621FC2533100E851A8 /* YelpSearchViewModel.swift */; };
		A658439E1FCD0BAB00B93FCA /* FriendsViewModel.swift in Sources */ = {isa = PBXBuildFile; fileRef = A658439D1FCD0BAB00B93FCA /* FriendsViewModel.swift */; };
		A65843A21FCD18DC00B93FCA /* FriendsSearchViewController.swift in Sources */ = {isa = PBXBuildFile; fileRef = A65843A11FCD18DC00B93FCA /* FriendsSearchViewController.swift */; };
		A65843A51FCD1D5700B93FCA /* FriendsSearchTableViewCell.swift in Sources */ = {isa = PBXBuildFile; fileRef = A65843A31FCD1D5700B93FCA /* FriendsSearchTableViewCell.swift */; };
		A65843A61FCD1D5700B93FCA /* FriendsSearchTableViewCell.xib in Resources */ = {isa = PBXBuildFile; fileRef = A65843A41FCD1D5700B93FCA /* FriendsSearchTableViewCell.xib */; };
		A698E5BC1FB2284C00D42A29 /* AppDelegate.swift in Sources */ = {isa = PBXBuildFile; fileRef = A698E5BB1FB2284C00D42A29 /* AppDelegate.swift */; };
		A698E5BE1FB2284C00D42A29 /* ViewController.swift in Sources */ = {isa = PBXBuildFile; fileRef = A698E5BD1FB2284C00D42A29 /* ViewController.swift */; };
		A698E5C11FB2284C00D42A29 /* Main.storyboard in Resources */ = {isa = PBXBuildFile; fileRef = A698E5BF1FB2284C00D42A29 /* Main.storyboard */; };
		A698E5C31FB2284C00D42A29 /* Assets.xcassets in Resources */ = {isa = PBXBuildFile; fileRef = A698E5C21FB2284C00D42A29 /* Assets.xcassets */; };
		A698E5C61FB2284C00D42A29 /* LaunchScreen.storyboard in Resources */ = {isa = PBXBuildFile; fileRef = A698E5C41FB2284C00D42A29 /* LaunchScreen.storyboard */; };
		A698E5D11FB2284D00D42A29 /* LunchTime_iOSTests.swift in Sources */ = {isa = PBXBuildFile; fileRef = A698E5D01FB2284D00D42A29 /* LunchTime_iOSTests.swift */; };
		A6B04C321FBEB4EE0021944C /* CreateEventViewController.swift in Sources */ = {isa = PBXBuildFile; fileRef = A6B04C311FBEB4EE0021944C /* CreateEventViewController.swift */; };
		A6C22FDC1FBEC63500AB472E /* CreateEvent.storyboard in Resources */ = {isa = PBXBuildFile; fileRef = A6C22FDB1FBEC63500AB472E /* CreateEvent.storyboard */; };
		A6C79F5C1FBAC4B500649FBE /* Constants.swift in Sources */ = {isa = PBXBuildFile; fileRef = A6C79F5B1FBAC4B500649FBE /* Constants.swift */; };
		A6C79F5E1FBB5F4400649FBE /* UserDefaults.swift in Sources */ = {isa = PBXBuildFile; fileRef = A6C79F5D1FBB5F4400649FBE /* UserDefaults.swift */; };
		A6D307471FB589D6006ACB4B /* RegistrationViewController.swift in Sources */ = {isa = PBXBuildFile; fileRef = A6D307461FB589D6006ACB4B /* RegistrationViewController.swift */; };
		A6D577681FB97600004D94BE /* HomeScreen.storyboard in Resources */ = {isa = PBXBuildFile; fileRef = A6D577671FB97600004D94BE /* HomeScreen.storyboard */; };
		A6D5776A1FB97A66004D94BE /* HomeScreenViewController.swift in Sources */ = {isa = PBXBuildFile; fileRef = A6D577691FB97A66004D94BE /* HomeScreenViewController.swift */; };
		F8A0E76F1C9B524602BE8832 /* Pods_LunchTime_iOS.framework in Frameworks */ = {isa = PBXBuildFile; fileRef = CD06A4EDF8B3B8461D25BBE4 /* Pods_LunchTime_iOS.framework */; };
/* End PBXBuildFile section */

/* Begin PBXContainerItemProxy section */
		A698E5CD1FB2284D00D42A29 /* PBXContainerItemProxy */ = {
			isa = PBXContainerItemProxy;
			containerPortal = A698E5B01FB2284C00D42A29 /* Project object */;
			proxyType = 1;
			remoteGlobalIDString = A698E5B71FB2284C00D42A29;
			remoteInfo = LunchTime_iOS;
		};
/* End PBXContainerItemProxy section */

/* Begin PBXFileReference section */
		26FC5D1606165C5F50455F91 /* Pods_LunchTime_iOSTests.framework */ = {isa = PBXFileReference; explicitFileType = wrapper.framework; includeInIndex = 0; path = Pods_LunchTime_iOSTests.framework; sourceTree = BUILT_PRODUCTS_DIR; };
		511B5BEC350760A429689A8C /* Pods-LunchTime_iOS.release.xcconfig */ = {isa = PBXFileReference; includeInIndex = 1; lastKnownFileType = text.xcconfig; name = "Pods-LunchTime_iOS.release.xcconfig"; path = "Pods/Target Support Files/Pods-LunchTime_iOS/Pods-LunchTime_iOS.release.xcconfig"; sourceTree = "<group>"; };
		8E53322CDB226ED3D2495DE7 /* Pods-LunchTime_iOS.debug.xcconfig */ = {isa = PBXFileReference; includeInIndex = 1; lastKnownFileType = text.xcconfig; name = "Pods-LunchTime_iOS.debug.xcconfig"; path = "Pods/Target Support Files/Pods-LunchTime_iOS/Pods-LunchTime_iOS.debug.xcconfig"; sourceTree = "<group>"; };
		A3561D9897744D70CC7FD9E5 /* Pods-LunchTime_iOSTests.debug.xcconfig */ = {isa = PBXFileReference; includeInIndex = 1; lastKnownFileType = text.xcconfig; name = "Pods-LunchTime_iOSTests.debug.xcconfig"; path = "Pods/Target Support Files/Pods-LunchTime_iOSTests/Pods-LunchTime_iOSTests.debug.xcconfig"; sourceTree = "<group>"; };
		A608558A1FC26CEE009E4BDD /* LocationSelectorViewController.swift */ = {isa = PBXFileReference; lastKnownFileType = sourcecode.swift; path = LocationSelectorViewController.swift; sourceTree = "<group>"; };
		A608558C1FC395AD009E4BDD /* YelpLocationTableViewCell.swift */ = {isa = PBXFileReference; lastKnownFileType = sourcecode.swift; path = YelpLocationTableViewCell.swift; sourceTree = "<group>"; };
		A608558D1FC395AD009E4BDD /* YelpLocationTableViewCell.xib */ = {isa = PBXFileReference; lastKnownFileType = file.xib; path = YelpLocationTableViewCell.xib; sourceTree = "<group>"; };
		A60EF8421FE5A1B400EF2D91 /* FriendSelectorViewController.swift */ = {isa = PBXFileReference; lastKnownFileType = sourcecode.swift; path = FriendSelectorViewController.swift; sourceTree = "<group>"; };
		A61BB76C1FCC72A60009823F /* DateSelectorViewController.swift */ = {isa = PBXFileReference; lastKnownFileType = sourcecode.swift; path = DateSelectorViewController.swift; sourceTree = "<group>"; };
		A623216C1FB78C7000A54814 /* GoogleService-Info.plist */ = {isa = PBXFileReference; lastKnownFileType = text.plist.xml; name = "GoogleService-Info.plist"; path = "../../../../Downloads/GoogleService-Info.plist"; sourceTree = "<group>"; };
		A623217E1FB8FA9400A54814 /* UserViewModel.swift */ = {isa = PBXFileReference; lastKnownFileType = sourcecode.swift; path = UserViewModel.swift; sourceTree = "<group>"; };
		A62321801FB8FAD900A54814 /* CurrentUser.swift */ = {isa = PBXFileReference; lastKnownFileType = sourcecode.swift; path = CurrentUser.swift; sourceTree = "<group>"; };
		A644D5621FC2533100E851A8 /* YelpSearchViewModel.swift */ = {isa = PBXFileReference; lastKnownFileType = sourcecode.swift; path = YelpSearchViewModel.swift; sourceTree = "<group>"; };
		A658439D1FCD0BAB00B93FCA /* FriendsViewModel.swift */ = {isa = PBXFileReference; lastKnownFileType = sourcecode.swift; path = FriendsViewModel.swift; sourceTree = "<group>"; };
		A65843A11FCD18DC00B93FCA /* FriendsSearchViewController.swift */ = {isa = PBXFileReference; lastKnownFileType = sourcecode.swift; path = FriendsSearchViewController.swift; sourceTree = "<group>"; };
		A65843A31FCD1D5700B93FCA /* FriendsSearchTableViewCell.swift */ = {isa = PBXFileReference; lastKnownFileType = sourcecode.swift; path = FriendsSearchTableViewCell.swift; sourceTree = "<group>"; };
		A65843A41FCD1D5700B93FCA /* FriendsSearchTableViewCell.xib */ = {isa = PBXFileReference; lastKnownFileType = file.xib; path = FriendsSearchTableViewCell.xib; sourceTree = "<group>"; };
		A66BDB161FC652A700139ED7 /* LunchTime_iOS-Bridging-Header.h */ = {isa = PBXFileReference; lastKnownFileType = sourcecode.c.h; path = "LunchTime_iOS-Bridging-Header.h"; sourceTree = "<group>"; };
		A698E5B81FB2284C00D42A29 /* LunchTime_iOS.app */ = {isa = PBXFileReference; explicitFileType = wrapper.application; includeInIndex = 0; path = LunchTime_iOS.app; sourceTree = BUILT_PRODUCTS_DIR; };
		A698E5BB1FB2284C00D42A29 /* AppDelegate.swift */ = {isa = PBXFileReference; lastKnownFileType = sourcecode.swift; path = AppDelegate.swift; sourceTree = "<group>"; };
		A698E5BD1FB2284C00D42A29 /* ViewController.swift */ = {isa = PBXFileReference; lastKnownFileType = sourcecode.swift; path = ViewController.swift; sourceTree = "<group>"; };
		A698E5C01FB2284C00D42A29 /* Base */ = {isa = PBXFileReference; lastKnownFileType = file.storyboard; name = Base; path = Base.lproj/Main.storyboard; sourceTree = "<group>"; };
		A698E5C21FB2284C00D42A29 /* Assets.xcassets */ = {isa = PBXFileReference; lastKnownFileType = folder.assetcatalog; path = Assets.xcassets; sourceTree = "<group>"; };
		A698E5C51FB2284C00D42A29 /* Base */ = {isa = PBXFileReference; lastKnownFileType = file.storyboard; name = Base; path = Base.lproj/LaunchScreen.storyboard; sourceTree = "<group>"; };
		A698E5C71FB2284C00D42A29 /* Info.plist */ = {isa = PBXFileReference; lastKnownFileType = text.plist.xml; path = Info.plist; sourceTree = "<group>"; };
		A698E5CC1FB2284D00D42A29 /* LunchTime_iOSTests.xctest */ = {isa = PBXFileReference; explicitFileType = wrapper.cfbundle; includeInIndex = 0; path = LunchTime_iOSTests.xctest; sourceTree = BUILT_PRODUCTS_DIR; };
		A698E5D01FB2284D00D42A29 /* LunchTime_iOSTests.swift */ = {isa = PBXFileReference; lastKnownFileType = sourcecode.swift; path = LunchTime_iOSTests.swift; sourceTree = "<group>"; };
		A698E5D21FB2284D00D42A29 /* Info.plist */ = {isa = PBXFileReference; lastKnownFileType = text.plist.xml; path = Info.plist; sourceTree = "<group>"; };
		A6B04C311FBEB4EE0021944C /* CreateEventViewController.swift */ = {isa = PBXFileReference; lastKnownFileType = sourcecode.swift; path = CreateEventViewController.swift; sourceTree = "<group>"; };
		A6C22FDB1FBEC63500AB472E /* CreateEvent.storyboard */ = {isa = PBXFileReference; fileEncoding = 4; lastKnownFileType = file.storyboard; path = CreateEvent.storyboard; sourceTree = "<group>"; };
		A6C79F5B1FBAC4B500649FBE /* Constants.swift */ = {isa = PBXFileReference; lastKnownFileType = sourcecode.swift; path = Constants.swift; sourceTree = "<group>"; };
		A6C79F5D1FBB5F4400649FBE /* UserDefaults.swift */ = {isa = PBXFileReference; lastKnownFileType = sourcecode.swift; path = UserDefaults.swift; sourceTree = "<group>"; };
		A6D307461FB589D6006ACB4B /* RegistrationViewController.swift */ = {isa = PBXFileReference; lastKnownFileType = sourcecode.swift; path = RegistrationViewController.swift; sourceTree = "<group>"; };
		A6D577671FB97600004D94BE /* HomeScreen.storyboard */ = {isa = PBXFileReference; fileEncoding = 4; lastKnownFileType = file.storyboard; path = HomeScreen.storyboard; sourceTree = "<group>"; };
		A6D577691FB97A66004D94BE /* HomeScreenViewController.swift */ = {isa = PBXFileReference; lastKnownFileType = sourcecode.swift; path = HomeScreenViewController.swift; sourceTree = "<group>"; };
		CA8480FF1860DBEC6C7CC895 /* Pods-LunchTime_iOSTests.release.xcconfig */ = {isa = PBXFileReference; includeInIndex = 1; lastKnownFileType = text.xcconfig; name = "Pods-LunchTime_iOSTests.release.xcconfig"; path = "Pods/Target Support Files/Pods-LunchTime_iOSTests/Pods-LunchTime_iOSTests.release.xcconfig"; sourceTree = "<group>"; };
		CD06A4EDF8B3B8461D25BBE4 /* Pods_LunchTime_iOS.framework */ = {isa = PBXFileReference; explicitFileType = wrapper.framework; includeInIndex = 0; path = Pods_LunchTime_iOS.framework; sourceTree = BUILT_PRODUCTS_DIR; };
/* End PBXFileReference section */

/* Begin PBXFrameworksBuildPhase section */
		A698E5B51FB2284C00D42A29 /* Frameworks */ = {
			isa = PBXFrameworksBuildPhase;
			buildActionMask = 2147483647;
			files = (
				F8A0E76F1C9B524602BE8832 /* Pods_LunchTime_iOS.framework in Frameworks */,
			);
			runOnlyForDeploymentPostprocessing = 0;
		};
		A698E5C91FB2284D00D42A29 /* Frameworks */ = {
			isa = PBXFrameworksBuildPhase;
			buildActionMask = 2147483647;
			files = (
				9849EFBD648DDAAFC8535406 /* Pods_LunchTime_iOSTests.framework in Frameworks */,
			);
			runOnlyForDeploymentPostprocessing = 0;
		};
/* End PBXFrameworksBuildPhase section */

/* Begin PBXGroup section */
		7613D8F7A651B369CE283734 /* Pods */ = {
			isa = PBXGroup;
			children = (
				8E53322CDB226ED3D2495DE7 /* Pods-LunchTime_iOS.debug.xcconfig */,
				511B5BEC350760A429689A8C /* Pods-LunchTime_iOS.release.xcconfig */,
				A3561D9897744D70CC7FD9E5 /* Pods-LunchTime_iOSTests.debug.xcconfig */,
				CA8480FF1860DBEC6C7CC895 /* Pods-LunchTime_iOSTests.release.xcconfig */,
			);
			name = Pods;
			sourceTree = "<group>";
		};
		A60855901FC396B4009E4BDD /* Xibs */ = {
			isa = PBXGroup;
			children = (
				A608558D1FC395AD009E4BDD /* YelpLocationTableViewCell.xib */,
				A65843A41FCD1D5700B93FCA /* FriendsSearchTableViewCell.xib */,
			);
			path = Xibs;
			sourceTree = "<group>";
		};
		A623217C1FB8F84700A54814 /* ViewModel */ = {
			isa = PBXGroup;
			children = (
				A623217E1FB8FA9400A54814 /* UserViewModel.swift */,
				A644D5621FC2533100E851A8 /* YelpSearchViewModel.swift */,
				A658439D1FCD0BAB00B93FCA /* FriendsViewModel.swift */,
			);
			path = ViewModel;
			sourceTree = "<group>";
		};
		A623217D1FB8F85300A54814 /* Model */ = {
			isa = PBXGroup;
			children = (
				A62321801FB8FAD900A54814 /* CurrentUser.swift */,
			);
			path = Model;
			sourceTree = "<group>";
		};
		A62C24201FB434CB0091A158 /* Controllers */ = {
			isa = PBXGroup;
			children = (
				A6B04C311FBEB4EE0021944C /* CreateEventViewController.swift */,
				A61BB76C1FCC72A60009823F /* DateSelectorViewController.swift */,
				A6D577691FB97A66004D94BE /* HomeScreenViewController.swift */,
				A608558A1FC26CEE009E4BDD /* LocationSelectorViewController.swift */,
				A66BDB161FC652A700139ED7 /* LunchTime_iOS-Bridging-Header.h */,
				A6D307461FB589D6006ACB4B /* RegistrationViewController.swift */,
				A698E5BD1FB2284C00D42A29 /* ViewController.swift */,
				A608558C1FC395AD009E4BDD /* YelpLocationTableViewCell.swift */,
				A65843A11FCD18DC00B93FCA /* FriendsSearchViewController.swift */,
				A65843A31FCD1D5700B93FCA /* FriendsSearchTableViewCell.swift */,
				A60EF8421FE5A1B400EF2D91 /* FriendSelectorViewController.swift */,
			);
			path = Controllers;
			sourceTree = "<group>";
		};
		A62C24211FB434F20091A158 /* Storyboards */ = {
			isa = PBXGroup;
			children = (
				A60855901FC396B4009E4BDD /* Xibs */,
				A6D577671FB97600004D94BE /* HomeScreen.storyboard */,
				A6C22FDB1FBEC63500AB472E /* CreateEvent.storyboard */,
				A698E5BF1FB2284C00D42A29 /* Main.storyboard */,
				A698E5C41FB2284C00D42A29 /* LaunchScreen.storyboard */,
			);
			path = Storyboards;
			sourceTree = "<group>";
		};
		A698E5AF1FB2284C00D42A29 = {
			isa = PBXGroup;
			children = (
				A698E5BA1FB2284C00D42A29 /* LunchTime_iOS */,
				A698E5CF1FB2284D00D42A29 /* LunchTime_iOSTests */,
				A698E5B91FB2284C00D42A29 /* Products */,
				7613D8F7A651B369CE283734 /* Pods */,
				E6E13767F8961231E2178055 /* Frameworks */,
			);
			sourceTree = "<group>";
		};
		A698E5B91FB2284C00D42A29 /* Products */ = {
			isa = PBXGroup;
			children = (
				A698E5B81FB2284C00D42A29 /* LunchTime_iOS.app */,
				A698E5CC1FB2284D00D42A29 /* LunchTime_iOSTests.xctest */,
			);
			name = Products;
			sourceTree = "<group>";
		};
		A698E5BA1FB2284C00D42A29 /* LunchTime_iOS */ = {
			isa = PBXGroup;
			children = (
				A698E5BB1FB2284C00D42A29 /* AppDelegate.swift */,
				A698E5C21FB2284C00D42A29 /* Assets.xcassets */,
				A698E5C71FB2284C00D42A29 /* Info.plist */,
				A623216C1FB78C7000A54814 /* GoogleService-Info.plist */,
				A62C24211FB434F20091A158 /* Storyboards */,
				A62C24201FB434CB0091A158 /* Controllers */,
				A623217C1FB8F84700A54814 /* ViewModel */,
				A623217D1FB8F85300A54814 /* Model */,
				A6C79F5A1FBAC49F00649FBE /* Helpers */,
			);
			path = LunchTime_iOS;
			sourceTree = "<group>";
		};
		A698E5CF1FB2284D00D42A29 /* LunchTime_iOSTests */ = {
			isa = PBXGroup;
			children = (
				A698E5D01FB2284D00D42A29 /* LunchTime_iOSTests.swift */,
				A698E5D21FB2284D00D42A29 /* Info.plist */,
			);
			path = LunchTime_iOSTests;
			sourceTree = "<group>";
		};
		A6C79F5A1FBAC49F00649FBE /* Helpers */ = {
			isa = PBXGroup;
			children = (
				A6C79F5B1FBAC4B500649FBE /* Constants.swift */,
				A6C79F5D1FBB5F4400649FBE /* UserDefaults.swift */,
			);
			path = Helpers;
			sourceTree = "<group>";
		};
		E6E13767F8961231E2178055 /* Frameworks */ = {
			isa = PBXGroup;
			children = (
				CD06A4EDF8B3B8461D25BBE4 /* Pods_LunchTime_iOS.framework */,
				26FC5D1606165C5F50455F91 /* Pods_LunchTime_iOSTests.framework */,
			);
			name = Frameworks;
			sourceTree = "<group>";
		};
/* End PBXGroup section */

/* Begin PBXNativeTarget section */
		A698E5B71FB2284C00D42A29 /* LunchTime_iOS */ = {
			isa = PBXNativeTarget;
			buildConfigurationList = A698E5D51FB2284D00D42A29 /* Build configuration list for PBXNativeTarget "LunchTime_iOS" */;
			buildPhases = (
				38BD29D8FEFD92660CF98184 /* [CP] Check Pods Manifest.lock */,
				A698E5B41FB2284C00D42A29 /* Sources */,
				A698E5B51FB2284C00D42A29 /* Frameworks */,
				A698E5B61FB2284C00D42A29 /* Resources */,
				7BBBE94DFEEBB8A615E8DE81 /* [CP] Embed Pods Frameworks */,
				497B8B855476F2840334E35F /* [CP] Copy Pods Resources */,
			);
			buildRules = (
			);
			dependencies = (
			);
			name = LunchTime_iOS;
			productName = LunchTime_iOS;
			productReference = A698E5B81FB2284C00D42A29 /* LunchTime_iOS.app */;
			productType = "com.apple.product-type.application";
		};
		A698E5CB1FB2284D00D42A29 /* LunchTime_iOSTests */ = {
			isa = PBXNativeTarget;
			buildConfigurationList = A698E5D81FB2284D00D42A29 /* Build configuration list for PBXNativeTarget "LunchTime_iOSTests" */;
			buildPhases = (
				3D68225DBDF1BB6FDBE818EF /* [CP] Check Pods Manifest.lock */,
				A698E5C81FB2284D00D42A29 /* Sources */,
				A698E5C91FB2284D00D42A29 /* Frameworks */,
				A698E5CA1FB2284D00D42A29 /* Resources */,
				59AE48561BCF68C7FB903F8F /* [CP] Embed Pods Frameworks */,
				C82A74B5C5F0D54A164E4DFC /* [CP] Copy Pods Resources */,
			);
			buildRules = (
			);
			dependencies = (
				A698E5CE1FB2284D00D42A29 /* PBXTargetDependency */,
			);
			name = LunchTime_iOSTests;
			productName = LunchTime_iOSTests;
			productReference = A698E5CC1FB2284D00D42A29 /* LunchTime_iOSTests.xctest */;
			productType = "com.apple.product-type.bundle.unit-test";
		};
/* End PBXNativeTarget section */

/* Begin PBXProject section */
		A698E5B01FB2284C00D42A29 /* Project object */ = {
			isa = PBXProject;
			attributes = {
				LastSwiftUpdateCheck = 0900;
				LastUpgradeCheck = 0900;
				ORGANIZATIONNAME = georgehsin;
				TargetAttributes = {
					A698E5B71FB2284C00D42A29 = {
						CreatedOnToolsVersion = 9.0;
						LastSwiftMigration = 0900;
						ProvisioningStyle = Automatic;
					};
					A698E5CB1FB2284D00D42A29 = {
						CreatedOnToolsVersion = 9.0;
						ProvisioningStyle = Automatic;
						TestTargetID = A698E5B71FB2284C00D42A29;
					};
				};
			};
			buildConfigurationList = A698E5B31FB2284C00D42A29 /* Build configuration list for PBXProject "LunchTime_iOS" */;
			compatibilityVersion = "Xcode 8.0";
			developmentRegion = en;
			hasScannedForEncodings = 0;
			knownRegions = (
				en,
				Base,
			);
			mainGroup = A698E5AF1FB2284C00D42A29;
			productRefGroup = A698E5B91FB2284C00D42A29 /* Products */;
			projectDirPath = "";
			projectRoot = "";
			targets = (
				A698E5B71FB2284C00D42A29 /* LunchTime_iOS */,
				A698E5CB1FB2284D00D42A29 /* LunchTime_iOSTests */,
			);
		};
/* End PBXProject section */

/* Begin PBXResourcesBuildPhase section */
		A698E5B61FB2284C00D42A29 /* Resources */ = {
			isa = PBXResourcesBuildPhase;
			buildActionMask = 2147483647;
			files = (
				A6D577681FB97600004D94BE /* HomeScreen.storyboard in Resources */,
				A608558F1FC395AD009E4BDD /* YelpLocationTableViewCell.xib in Resources */,
				A6C22FDC1FBEC63500AB472E /* CreateEvent.storyboard in Resources */,
				A65843A61FCD1D5700B93FCA /* FriendsSearchTableViewCell.xib in Resources */,
				A698E5C61FB2284C00D42A29 /* LaunchScreen.storyboard in Resources */,
				A698E5C31FB2284C00D42A29 /* Assets.xcassets in Resources */,
				A623216D1FB78F6E00A54814 /* GoogleService-Info.plist in Resources */,
				A698E5C11FB2284C00D42A29 /* Main.storyboard in Resources */,
			);
			runOnlyForDeploymentPostprocessing = 0;
		};
		A698E5CA1FB2284D00D42A29 /* Resources */ = {
			isa = PBXResourcesBuildPhase;
			buildActionMask = 2147483647;
			files = (
			);
			runOnlyForDeploymentPostprocessing = 0;
		};
/* End PBXResourcesBuildPhase section */

/* Begin PBXShellScriptBuildPhase section */
		38BD29D8FEFD92660CF98184 /* [CP] Check Pods Manifest.lock */ = {
			isa = PBXShellScriptBuildPhase;
			buildActionMask = 2147483647;
			files = (
			);
			inputPaths = (
			);
			name = "[CP] Check Pods Manifest.lock";
			outputPaths = (
			);
			runOnlyForDeploymentPostprocessing = 0;
			shellPath = /bin/sh;
			shellScript = "diff \"${PODS_PODFILE_DIR_PATH}/Podfile.lock\" \"${PODS_ROOT}/Manifest.lock\" > /dev/null\nif [ $? != 0 ] ; then\n    # print error to STDERR\n    echo \"error: The sandbox is not in sync with the Podfile.lock. Run 'pod install' or update your CocoaPods installation.\" >&2\n    exit 1\nfi\n";
			showEnvVarsInLog = 0;
		};
		3D68225DBDF1BB6FDBE818EF /* [CP] Check Pods Manifest.lock */ = {
			isa = PBXShellScriptBuildPhase;
			buildActionMask = 2147483647;
			files = (
			);
			inputPaths = (
			);
			name = "[CP] Check Pods Manifest.lock";
			outputPaths = (
			);
			runOnlyForDeploymentPostprocessing = 0;
			shellPath = /bin/sh;
			shellScript = "diff \"${PODS_PODFILE_DIR_PATH}/Podfile.lock\" \"${PODS_ROOT}/Manifest.lock\" > /dev/null\nif [ $? != 0 ] ; then\n    # print error to STDERR\n    echo \"error: The sandbox is not in sync with the Podfile.lock. Run 'pod install' or update your CocoaPods installation.\" >&2\n    exit 1\nfi\n";
			showEnvVarsInLog = 0;
		};
		497B8B855476F2840334E35F /* [CP] Copy Pods Resources */ = {
			isa = PBXShellScriptBuildPhase;
			buildActionMask = 2147483647;
			files = (
			);
			inputPaths = (
			);
			name = "[CP] Copy Pods Resources";
			outputPaths = (
			);
			runOnlyForDeploymentPostprocessing = 0;
			shellPath = /bin/sh;
			shellScript = "\"${SRCROOT}/Pods/Target Support Files/Pods-LunchTime_iOS/Pods-LunchTime_iOS-resources.sh\"\n";
			showEnvVarsInLog = 0;
		};
		59AE48561BCF68C7FB903F8F /* [CP] Embed Pods Frameworks */ = {
			isa = PBXShellScriptBuildPhase;
			buildActionMask = 2147483647;
			files = (
			);
			inputPaths = (
			);
			name = "[CP] Embed Pods Frameworks";
			outputPaths = (
			);
			runOnlyForDeploymentPostprocessing = 0;
			shellPath = /bin/sh;
			shellScript = "\"${SRCROOT}/Pods/Target Support Files/Pods-LunchTime_iOSTests/Pods-LunchTime_iOSTests-frameworks.sh\"\n";
			showEnvVarsInLog = 0;
		};
		7BBBE94DFEEBB8A615E8DE81 /* [CP] Embed Pods Frameworks */ = {
			isa = PBXShellScriptBuildPhase;
			buildActionMask = 2147483647;
			files = (
			);
			inputPaths = (
			);
			name = "[CP] Embed Pods Frameworks";
			outputPaths = (
			);
			runOnlyForDeploymentPostprocessing = 0;
			shellPath = /bin/sh;
			shellScript = "\"${SRCROOT}/Pods/Target Support Files/Pods-LunchTime_iOS/Pods-LunchTime_iOS-frameworks.sh\"\n";
			showEnvVarsInLog = 0;
		};
		C82A74B5C5F0D54A164E4DFC /* [CP] Copy Pods Resources */ = {
			isa = PBXShellScriptBuildPhase;
			buildActionMask = 2147483647;
			files = (
			);
			inputPaths = (
			);
			name = "[CP] Copy Pods Resources";
			outputPaths = (
			);
			runOnlyForDeploymentPostprocessing = 0;
			shellPath = /bin/sh;
			shellScript = "\"${SRCROOT}/Pods/Target Support Files/Pods-LunchTime_iOSTests/Pods-LunchTime_iOSTests-resources.sh\"\n";
			showEnvVarsInLog = 0;
		};
/* End PBXShellScriptBuildPhase section */

/* Begin PBXSourcesBuildPhase section */
		A698E5B41FB2284C00D42A29 /* Sources */ = {
			isa = PBXSourcesBuildPhase;
			buildActionMask = 2147483647;
			files = (
				A61BB76D1FCC72A60009823F /* DateSelectorViewController.swift in Sources */,
				A6D307471FB589D6006ACB4B /* RegistrationViewController.swift in Sources */,
				A60EF8431FE5A1B400EF2D91 /* FriendSelectorViewController.swift in Sources */,
				A623217F1FB8FA9400A54814 /* UserViewModel.swift in Sources */,
				A698E5BE1FB2284C00D42A29 /* ViewController.swift in Sources */,
				A65843A21FCD18DC00B93FCA /* FriendsSearchViewController.swift in Sources */,
				A658439E1FCD0BAB00B93FCA /* FriendsViewModel.swift in Sources */,
				A62321811FB8FAD900A54814 /* CurrentUser.swift in Sources */,
				A6C79F5E1FBB5F4400649FBE /* UserDefaults.swift in Sources */,
				A65843A51FCD1D5700B93FCA /* FriendsSearchTableViewCell.swift in Sources */,
				A698E5BC1FB2284C00D42A29 /* AppDelegate.swift in Sources */,
				A644D5631FC2533100E851A8 /* YelpSearchViewModel.swift in Sources */,
				A6D5776A1FB97A66004D94BE /* HomeScreenViewController.swift in Sources */,
				A608558E1FC395AD009E4BDD /* YelpLocationTableViewCell.swift in Sources */,
				A6C79F5C1FBAC4B500649FBE /* Constants.swift in Sources */,
				A6B04C321FBEB4EE0021944C /* CreateEventViewController.swift in Sources */,
				A608558B1FC26CEE009E4BDD /* LocationSelectorViewController.swift in Sources */,
			);
			runOnlyForDeploymentPostprocessing = 0;
		};
		A698E5C81FB2284D00D42A29 /* Sources */ = {
			isa = PBXSourcesBuildPhase;
			buildActionMask = 2147483647;
			files = (
				A698E5D11FB2284D00D42A29 /* LunchTime_iOSTests.swift in Sources */,
			);
			runOnlyForDeploymentPostprocessing = 0;
		};
/* End PBXSourcesBuildPhase section */

/* Begin PBXTargetDependency section */
		A698E5CE1FB2284D00D42A29 /* PBXTargetDependency */ = {
			isa = PBXTargetDependency;
			target = A698E5B71FB2284C00D42A29 /* LunchTime_iOS */;
			targetProxy = A698E5CD1FB2284D00D42A29 /* PBXContainerItemProxy */;
		};
/* End PBXTargetDependency section */

/* Begin PBXVariantGroup section */
		A698E5BF1FB2284C00D42A29 /* Main.storyboard */ = {
			isa = PBXVariantGroup;
			children = (
				A698E5C01FB2284C00D42A29 /* Base */,
			);
			name = Main.storyboard;
			sourceTree = "<group>";
		};
		A698E5C41FB2284C00D42A29 /* LaunchScreen.storyboard */ = {
			isa = PBXVariantGroup;
			children = (
				A698E5C51FB2284C00D42A29 /* Base */,
			);
			name = LaunchScreen.storyboard;
			sourceTree = "<group>";
		};
/* End PBXVariantGroup section */

/* Begin XCBuildConfiguration section */
		A698E5D31FB2284D00D42A29 /* Debug */ = {
			isa = XCBuildConfiguration;
			buildSettings = {
				ALWAYS_SEARCH_USER_PATHS = NO;
				CLANG_ANALYZER_NONNULL = YES;
				CLANG_ANALYZER_NUMBER_OBJECT_CONVERSION = YES_AGGRESSIVE;
				CLANG_CXX_LANGUAGE_STANDARD = "gnu++14";
				CLANG_CXX_LIBRARY = "libc++";
				CLANG_ENABLE_MODULES = YES;
				CLANG_ENABLE_OBJC_ARC = YES;
				CLANG_WARN_BLOCK_CAPTURE_AUTORELEASING = YES;
				CLANG_WARN_BOOL_CONVERSION = YES;
				CLANG_WARN_COMMA = YES;
				CLANG_WARN_CONSTANT_CONVERSION = YES;
				CLANG_WARN_DIRECT_OBJC_ISA_USAGE = YES_ERROR;
				CLANG_WARN_DOCUMENTATION_COMMENTS = YES;
				CLANG_WARN_EMPTY_BODY = YES;
				CLANG_WARN_ENUM_CONVERSION = YES;
				CLANG_WARN_INFINITE_RECURSION = YES;
				CLANG_WARN_INT_CONVERSION = YES;
				CLANG_WARN_NON_LITERAL_NULL_CONVERSION = YES;
				CLANG_WARN_OBJC_LITERAL_CONVERSION = YES;
				CLANG_WARN_OBJC_ROOT_CLASS = YES_ERROR;
				CLANG_WARN_RANGE_LOOP_ANALYSIS = YES;
				CLANG_WARN_STRICT_PROTOTYPES = YES;
				CLANG_WARN_SUSPICIOUS_MOVE = YES;
				CLANG_WARN_UNGUARDED_AVAILABILITY = YES_AGGRESSIVE;
				CLANG_WARN_UNREACHABLE_CODE = YES;
				CLANG_WARN__DUPLICATE_METHOD_MATCH = YES;
				CODE_SIGN_IDENTITY = "iPhone Developer";
				COPY_PHASE_STRIP = NO;
				DEBUG_INFORMATION_FORMAT = dwarf;
				ENABLE_STRICT_OBJC_MSGSEND = YES;
				ENABLE_TESTABILITY = YES;
				GCC_C_LANGUAGE_STANDARD = gnu11;
				GCC_DYNAMIC_NO_PIC = NO;
				GCC_NO_COMMON_BLOCKS = YES;
				GCC_OPTIMIZATION_LEVEL = 0;
				GCC_PREPROCESSOR_DEFINITIONS = (
					"DEBUG=1",
					"$(inherited)",
				);
				GCC_WARN_64_TO_32_BIT_CONVERSION = YES;
				GCC_WARN_ABOUT_RETURN_TYPE = YES_ERROR;
				GCC_WARN_UNDECLARED_SELECTOR = YES;
				GCC_WARN_UNINITIALIZED_AUTOS = YES_AGGRESSIVE;
				GCC_WARN_UNUSED_FUNCTION = YES;
				GCC_WARN_UNUSED_VARIABLE = YES;
				IPHONEOS_DEPLOYMENT_TARGET = 11.0;
				MTL_ENABLE_DEBUG_INFO = YES;
				ONLY_ACTIVE_ARCH = YES;
				SDKROOT = iphoneos;
				SWIFT_ACTIVE_COMPILATION_CONDITIONS = DEBUG;
				SWIFT_OPTIMIZATION_LEVEL = "-Onone";
			};
			name = Debug;
		};
		A698E5D41FB2284D00D42A29 /* Release */ = {
			isa = XCBuildConfiguration;
			buildSettings = {
				ALWAYS_SEARCH_USER_PATHS = NO;
				CLANG_ANALYZER_NONNULL = YES;
				CLANG_ANALYZER_NUMBER_OBJECT_CONVERSION = YES_AGGRESSIVE;
				CLANG_CXX_LANGUAGE_STANDARD = "gnu++14";
				CLANG_CXX_LIBRARY = "libc++";
				CLANG_ENABLE_MODULES = YES;
				CLANG_ENABLE_OBJC_ARC = YES;
				CLANG_WARN_BLOCK_CAPTURE_AUTORELEASING = YES;
				CLANG_WARN_BOOL_CONVERSION = YES;
				CLANG_WARN_COMMA = YES;
				CLANG_WARN_CONSTANT_CONVERSION = YES;
				CLANG_WARN_DIRECT_OBJC_ISA_USAGE = YES_ERROR;
				CLANG_WARN_DOCUMENTATION_COMMENTS = YES;
				CLANG_WARN_EMPTY_BODY = YES;
				CLANG_WARN_ENUM_CONVERSION = YES;
				CLANG_WARN_INFINITE_RECURSION = YES;
				CLANG_WARN_INT_CONVERSION = YES;
				CLANG_WARN_NON_LITERAL_NULL_CONVERSION = YES;
				CLANG_WARN_OBJC_LITERAL_CONVERSION = YES;
				CLANG_WARN_OBJC_ROOT_CLASS = YES_ERROR;
				CLANG_WARN_RANGE_LOOP_ANALYSIS = YES;
				CLANG_WARN_STRICT_PROTOTYPES = YES;
				CLANG_WARN_SUSPICIOUS_MOVE = YES;
				CLANG_WARN_UNGUARDED_AVAILABILITY = YES_AGGRESSIVE;
				CLANG_WARN_UNREACHABLE_CODE = YES;
				CLANG_WARN__DUPLICATE_METHOD_MATCH = YES;
				CODE_SIGN_IDENTITY = "iPhone Developer";
				COPY_PHASE_STRIP = NO;
				DEBUG_INFORMATION_FORMAT = "dwarf-with-dsym";
				ENABLE_NS_ASSERTIONS = NO;
				ENABLE_STRICT_OBJC_MSGSEND = YES;
				GCC_C_LANGUAGE_STANDARD = gnu11;
				GCC_NO_COMMON_BLOCKS = YES;
				GCC_WARN_64_TO_32_BIT_CONVERSION = YES;
				GCC_WARN_ABOUT_RETURN_TYPE = YES_ERROR;
				GCC_WARN_UNDECLARED_SELECTOR = YES;
				GCC_WARN_UNINITIALIZED_AUTOS = YES_AGGRESSIVE;
				GCC_WARN_UNUSED_FUNCTION = YES;
				GCC_WARN_UNUSED_VARIABLE = YES;
				IPHONEOS_DEPLOYMENT_TARGET = 11.0;
				MTL_ENABLE_DEBUG_INFO = NO;
				SDKROOT = iphoneos;
				SWIFT_OPTIMIZATION_LEVEL = "-Owholemodule";
				VALIDATE_PRODUCT = YES;
			};
			name = Release;
		};
		A698E5D61FB2284D00D42A29 /* Debug */ = {
			isa = XCBuildConfiguration;
			baseConfigurationReference = 8E53322CDB226ED3D2495DE7 /* Pods-LunchTime_iOS.debug.xcconfig */;
			buildSettings = {
				ASSETCATALOG_COMPILER_APPICON_NAME = AppIcon;
				CLANG_ENABLE_MODULES = YES;
				CODE_SIGN_STYLE = Automatic;
				DEVELOPMENT_TEAM = M66LNW846X;
				INFOPLIST_FILE = LunchTime_iOS/Info.plist;
				LD_RUNPATH_SEARCH_PATHS = "$(inherited) @executable_path/Frameworks";
				PRODUCT_BUNDLE_IDENTIFIER = "georgehsin.LunchTime-iOS";
				PRODUCT_NAME = "$(TARGET_NAME)";
				SWIFT_OBJC_BRIDGING_HEADER = "LunchTime_iOS/Controllers/LunchTime_iOS-Bridging-Header.h";
				SWIFT_OPTIMIZATION_LEVEL = "-Onone";
				SWIFT_VERSION = 4.0;
				TARGETED_DEVICE_FAMILY = "1,2";
			};
			name = Debug;
		};
		A698E5D71FB2284D00D42A29 /* Release */ = {
			isa = XCBuildConfiguration;
			baseConfigurationReference = 511B5BEC350760A429689A8C /* Pods-LunchTime_iOS.release.xcconfig */;
			buildSettings = {
				ASSETCATALOG_COMPILER_APPICON_NAME = AppIcon;
				CLANG_ENABLE_MODULES = YES;
				CODE_SIGN_STYLE = Automatic;
				DEVELOPMENT_TEAM = M66LNW846X;
				INFOPLIST_FILE = LunchTime_iOS/Info.plist;
				LD_RUNPATH_SEARCH_PATHS = "$(inherited) @executable_path/Frameworks";
				PRODUCT_BUNDLE_IDENTIFIER = "georgehsin.LunchTime-iOS";
				PRODUCT_NAME = "$(TARGET_NAME)";
				SWIFT_OBJC_BRIDGING_HEADER = "LunchTime_iOS/Controllers/LunchTime_iOS-Bridging-Header.h";
				SWIFT_VERSION = 4.0;
				TARGETED_DEVICE_FAMILY = "1,2";
			};
			name = Release;
		};
		A698E5D91FB2284D00D42A29 /* Debug */ = {
			isa = XCBuildConfiguration;
			baseConfigurationReference = A3561D9897744D70CC7FD9E5 /* Pods-LunchTime_iOSTests.debug.xcconfig */;
			buildSettings = {
				ALWAYS_EMBED_SWIFT_STANDARD_LIBRARIES = YES;
				BUNDLE_LOADER = "$(TEST_HOST)";
				CODE_SIGN_STYLE = Automatic;
				DEVELOPMENT_TEAM = M66LNW846X;
				INFOPLIST_FILE = LunchTime_iOSTests/Info.plist;
				LD_RUNPATH_SEARCH_PATHS = "$(inherited) @executable_path/Frameworks @loader_path/Frameworks";
				PRODUCT_BUNDLE_IDENTIFIER = "georgehsin.LunchTime-iOSTests";
				PRODUCT_NAME = "$(TARGET_NAME)";
				SWIFT_VERSION = 4.0;
				TARGETED_DEVICE_FAMILY = "1,2";
				TEST_HOST = "$(BUILT_PRODUCTS_DIR)/LunchTime_iOS.app/LunchTime_iOS";
			};
			name = Debug;
		};
		A698E5DA1FB2284D00D42A29 /* Release */ = {
			isa = XCBuildConfiguration;
			baseConfigurationReference = CA8480FF1860DBEC6C7CC895 /* Pods-LunchTime_iOSTests.release.xcconfig */;
			buildSettings = {
				ALWAYS_EMBED_SWIFT_STANDARD_LIBRARIES = YES;
				BUNDLE_LOADER = "$(TEST_HOST)";
				CODE_SIGN_STYLE = Automatic;
				DEVELOPMENT_TEAM = M66LNW846X;
				INFOPLIST_FILE = LunchTime_iOSTests/Info.plist;
				LD_RUNPATH_SEARCH_PATHS = "$(inherited) @executable_path/Frameworks @loader_path/Frameworks";
				PRODUCT_BUNDLE_IDENTIFIER = "georgehsin.LunchTime-iOSTests";
				PRODUCT_NAME = "$(TARGET_NAME)";
				SWIFT_VERSION = 4.0;
				TARGETED_DEVICE_FAMILY = "1,2";
				TEST_HOST = "$(BUILT_PRODUCTS_DIR)/LunchTime_iOS.app/LunchTime_iOS";
			};
			name = Release;
		};
/* End XCBuildConfiguration section */

/* Begin XCConfigurationList section */
		A698E5B31FB2284C00D42A29 /* Build configuration list for PBXProject "LunchTime_iOS" */ = {
			isa = XCConfigurationList;
			buildConfigurations = (
				A698E5D31FB2284D00D42A29 /* Debug */,
				A698E5D41FB2284D00D42A29 /* Release */,
			);
			defaultConfigurationIsVisible = 0;
			defaultConfigurationName = Release;
		};
		A698E5D51FB2284D00D42A29 /* Build configuration list for PBXNativeTarget "LunchTime_iOS" */ = {
			isa = XCConfigurationList;
			buildConfigurations = (
				A698E5D61FB2284D00D42A29 /* Debug */,
				A698E5D71FB2284D00D42A29 /* Release */,
			);
			defaultConfigurationIsVisible = 0;
			defaultConfigurationName = Release;
		};
		A698E5D81FB2284D00D42A29 /* Build configuration list for PBXNativeTarget "LunchTime_iOSTests" */ = {
			isa = XCConfigurationList;
			buildConfigurations = (
				A698E5D91FB2284D00D42A29 /* Debug */,
				A698E5DA1FB2284D00D42A29 /* Release */,
			);
			defaultConfigurationIsVisible = 0;
			defaultConfigurationName = Release;
		};
/* End XCConfigurationList section */
	};
	rootObject = A698E5B01FB2284C00D42A29 /* Project object */;
}
